
Microsoft Visual Studio Solution File, Format Version 12.00
# Visual Studio 15
VisualStudioVersion = 15.0.26124.0
MinimumVisualStudioVersion = 15.0.26124.0
Project("{9A19103F-16F7-4668-BE54-9A1E7A4F7556}") = "Members.Only", "Members.Only\Members.Only.csproj", "{35F2F58F-BD4D-4D54-B20E-9F6410E5386D}"
EndProject
Project("{9A19103F-16F7-4668-BE54-9A1E7A4F7556}") = "Members.Only.Tests", "Members.Only.Tests\Members.Only.Tests.csproj", "{B2F67E7E-55EF-4930-A961-273614665CF3}"
EndProject
Global
	GlobalSection(SolutionConfigurationPlatforms) = preSolution
		Debug|Any CPU = Debug|Any CPU
		Release|Any CPU = Release|Any CPU
	EndGlobalSection
	GlobalSection(ProjectConfigurationPlatforms) = postSolution
		{35F2F58F-BD4D-4D54-B20E-9F6410E5386D}.Debug|Any CPU.ActiveCfg = Debug|Any CPU
		{35F2F58F-BD4D-4D54-B20E-9F6410E5386D}.Debug|Any CPU.Build.0 = Debug|Any CPU
		{35F2F58F-BD4D-4D54-B20E-9F6410E5386D}.Release|Any CPU.ActiveCfg = Release|Any CPU
		{35F2F58F-BD4D-4D54-B20E-9F6410E5386D}.Release|Any CPU.Build.0 = Release|Any CPU
		{B2F67E7E-55EF-4930-A961-273614665CF3}.Debug|Any CPU.ActiveCfg = Debug|Any CPU
		{B2F67E7E-55EF-4930-A961-273614665CF3}.Debug|Any CPU.Build.0 = Debug|Any CPU
		{B2F67E7E-55EF-4930-A961-273614665CF3}.Release|Any CPU.ActiveCfg = Release|Any CPU
		{B2F67E7E-55EF-4930-A961-273614665CF3}.Release|Any CPU.Build.0 = Release|Any CPU
	EndGlobalSection
	GlobalSection(SolutionProperties) = preSolution
		HideSolutionNode = FALSE
	EndGlobalSection
	GlobalSection(ExtensibilityGlobals) = postSolution
		SolutionGuid = {921C6653-75A4-4543-9B10-252EB9424A98}
	EndGlobalSection
EndGlobal
